{
  "object": {
    "pins": [
      {
        "package": "Swinject",
        "repositoryURL": "https://github.com/Swinject/Swinject.git",
        "state": {
          "branch": null,
          "revision": "b1d92a53159fe45e162c307183aec9be15e4e7ae",
          "version": "2.8.0"
        }
      },
      {
        "package": "SwinjectAutoregistration",
        "repositoryURL": "https://github.com/Swinject/SwinjectAutoregistration.git",
        "state": {
          "branch": null,
          "revision": "136e57231434d038c3beef939e81f60f36ec8aec",
          "version": "2.7.0"
        }
      }
    ]
  },
  "version": 1
}
