// !$*UTF8*$!
{
	archiveVersion = 1;
	classes = {
	};
	objectVersion = 55;
	objects = {

/* Begin PBXBuildFile section */
		2CE346562722B0F6000AAEC9 /* ClipNinjaApp.swift in Sources */ = {isa = PBXBuildFile; fileRef = 2CE346552722B0F6000AAEC9 /* ClipNinjaApp.swift */; };
		2CE3465A2722B0F7000AAEC9 /* Assets.xcassets in Resources */ = {isa = PBXBuildFile; fileRef = 2CE346592722B0F7000AAEC9 /* Assets.xcassets */; };
		2CE3465D2722B0F7000AAEC9 /* Preview Assets.xcassets in Resources */ = {isa = PBXBuildFile; fileRef = 2CE3465C2722B0F7000AAEC9 /* Preview Assets.xcassets */; };
		2CE346862722B170000AAEC9 /* AppStart in Frameworks */ = {isa = PBXBuildFile; productRef = 2CE346852722B170000AAEC9 /* AppStart */; };
/* End PBXBuildFile section */

/* Begin PBXFileReference section */
		2C91E41A2722B43A00CD2418 /* README.md */ = {isa = PBXFileReference; lastKnownFileType = net.daringfireball.markdown; path = README.md; sourceTree = "<group>"; };
		2C91E41B2722BE2900CD2418 /* ClipNinja-Info.plist */ = {isa = PBXFileReference; lastKnownFileType = text.plist.xml; path = "ClipNinja-Info.plist"; sourceTree = "<group>"; };
		2CE346522722B0F6000AAEC9 /* ClipNinja.app */ = {isa = PBXFileReference; explicitFileType = wrapper.application; includeInIndex = 0; path = ClipNinja.app; sourceTree = BUILT_PRODUCTS_DIR; };
		2CE346552722B0F6000AAEC9 /* ClipNinjaApp.swift */ = {isa = PBXFileReference; lastKnownFileType = sourcecode.swift; path = ClipNinjaApp.swift; sourceTree = "<group>"; };
		2CE346592722B0F7000AAEC9 /* Assets.xcassets */ = {isa = PBXFileReference; lastKnownFileType = folder.assetcatalog; path = Assets.xcassets; sourceTree = "<group>"; };
		2CE3465C2722B0F7000AAEC9 /* Preview Assets.xcassets */ = {isa = PBXFileReference; lastKnownFileType = folder.assetcatalog; path = "Preview Assets.xcassets"; sourceTree = "<group>"; };
		2CE3465E2722B0F7000AAEC9 /* ClipNinja.entitlements */ = {isa = PBXFileReference; lastKnownFileType = text.plist.entitlements; path = ClipNinja.entitlements; sourceTree = "<group>"; };
		2CE346802722B12E000AAEC9 /* Infrastructure */ = {isa = PBXFileReference; lastKnownFileType = folder; path = Infrastructure; sourceTree = "<group>"; };
		2CE346812722B12E000AAEC9 /* Feature */ = {isa = PBXFileReference; lastKnownFileType = folder; path = Feature; sourceTree = "<group>"; };
		2CE346822722B12E000AAEC9 /* Generic */ = {isa = PBXFileReference; lastKnownFileType = folder; path = Generic; sourceTree = "<group>"; };
		2CE346832722B12E000AAEC9 /* AppStart */ = {isa = PBXFileReference; lastKnownFileType = folder; path = AppStart; sourceTree = "<group>"; };
/* End PBXFileReference section */

/* Begin PBXFrameworksBuildPhase section */
		2CE3464F2722B0F6000AAEC9 /* Frameworks */ = {
			isa = PBXFrameworksBuildPhase;
			buildActionMask = 2147483647;
			files = (
				2CE346862722B170000AAEC9 /* AppStart in Frameworks */,
			);
			runOnlyForDeploymentPostprocessing = 0;
		};
/* End PBXFrameworksBuildPhase section */

/* Begin PBXGroup section */
		2C91E4202722EF8F00CD2418 /* Assets */ = {
			isa = PBXGroup;
			children = (
				2CE3465E2722B0F7000AAEC9 /* ClipNinja.entitlements */,
				2CE346592722B0F7000AAEC9 /* Assets.xcassets */,
				2C91E41B2722BE2900CD2418 /* ClipNinja-Info.plist */,
			);
			path = Assets;
			sourceTree = "<group>";
		};
		2CE346492722B0F6000AAEC9 = {
			isa = PBXGroup;
			children = (
				2C91E41A2722B43A00CD2418 /* README.md */,
				2CE346832722B12E000AAEC9 /* AppStart */,
				2CE346812722B12E000AAEC9 /* Feature */,
				2CE346822722B12E000AAEC9 /* Generic */,
				2CE346802722B12E000AAEC9 /* Infrastructure */,
				2CE346542722B0F6000AAEC9 /* App */,
				2CE346532722B0F6000AAEC9 /* Products */,
				2CE346842722B170000AAEC9 /* Frameworks */,
			);
			sourceTree = "<group>";
		};
		2CE346532722B0F6000AAEC9 /* Products */ = {
			isa = PBXGroup;
			children = (
				2CE346522722B0F6000AAEC9 /* ClipNinja.app */,
			);
			name = Products;
			sourceTree = "<group>";
		};
		2CE346542722B0F6000AAEC9 /* App */ = {
			isa = PBXGroup;
			children = (
				2CE346552722B0F6000AAEC9 /* ClipNinjaApp.swift */,
				2C91E4202722EF8F00CD2418 /* Assets */,
				2CE3465B2722B0F7000AAEC9 /* Preview Content */,
			);
			path = App;
			sourceTree = "<group>";
		};
		2CE3465B2722B0F7000AAEC9 /* Preview Content */ = {
			isa = PBXGroup;
			children = (
				2CE3465C2722B0F7000AAEC9 /* Preview Assets.xcassets */,
			);
			path = "Preview Content";
			sourceTree = "<group>";
		};
		2CE346842722B170000AAEC9 /* Frameworks */ = {
			isa = PBXGroup;
			children = (
			);
			name = Frameworks;
			sourceTree = "<group>";
		};
/* End PBXGroup section */

/* Begin PBXNativeTarget section */
		2CE346512722B0F6000AAEC9 /* ClipNinja */ = {
			isa = PBXNativeTarget;
			buildConfigurationList = 2CE346772722B0F8000AAEC9 /* Build configuration list for PBXNativeTarget "ClipNinja" */;
			buildPhases = (
				2CE3464E2722B0F6000AAEC9 /* Sources */,
				2CE3464F2722B0F6000AAEC9 /* Frameworks */,
				2CE346502722B0F6000AAEC9 /* Resources */,
			);
			buildRules = (
			);
			dependencies = (
			);
			name = ClipNinja;
			packageProductDependencies = (
				2CE346852722B170000AAEC9 /* AppStart */,
			);
			productName = ClipNinja;
			productReference = 2CE346522722B0F6000AAEC9 /* ClipNinja.app */;
			productType = "com.apple.product-type.application";
		};
/* End PBXNativeTarget section */

/* Begin PBXProject section */
		2CE3464A2722B0F6000AAEC9 /* Project object */ = {
			isa = PBXProject;
			attributes = {
				BuildIndependentTargetsInParallel = 1;
				LastSwiftUpdateCheck = 1300;
				LastUpgradeCheck = 1300;
				TargetAttributes = {
					2CE346512722B0F6000AAEC9 = {
						CreatedOnToolsVersion = 13.0;
					};
				};
			};
			buildConfigurationList = 2CE3464D2722B0F6000AAEC9 /* Build configuration list for PBXProject "ClipNinja" */;
			compatibilityVersion = "Xcode 13.0";
			developmentRegion = en;
			hasScannedForEncodings = 0;
			knownRegions = (
				en,
				Base,
			);
			mainGroup = 2CE346492722B0F6000AAEC9;
			productRefGroup = 2CE346532722B0F6000AAEC9 /* Products */;
			projectDirPath = "";
			projectRoot = "";
			targets = (
				2CE346512722B0F6000AAEC9 /* ClipNinja */,
			);
		};
/* End PBXProject section */

/* Begin PBXResourcesBuildPhase section */
		2CE346502722B0F6000AAEC9 /* Resources */ = {
			isa = PBXResourcesBuildPhase;
			buildActionMask = 2147483647;
			files = (
				2CE3465D2722B0F7000AAEC9 /* Preview Assets.xcassets in Resources */,
				2CE3465A2722B0F7000AAEC9 /* Assets.xcassets in Resources */,
			);
			runOnlyForDeploymentPostprocessing = 0;
		};
/* End PBXResourcesBuildPhase section */

/* Begin PBXSourcesBuildPhase section */
		2CE3464E2722B0F6000AAEC9 /* Sources */ = {
			isa = PBXSourcesBuildPhase;
			buildActionMask = 2147483647;
			files = (
				2CE346562722B0F6000AAEC9 /* ClipNinjaApp.swift in Sources */,
			);
			runOnlyForDeploymentPostprocessing = 0;
		};
/* End PBXSourcesBuildPhase section */

/* Begin XCBuildConfiguration section */
		2CE346752722B0F8000AAEC9 /* Debug */ = {
			isa = XCBuildConfiguration;
			buildSettings = {
				ALWAYS_SEARCH_USER_PATHS = NO;
				CLANG_ANALYZER_NONNULL = YES;
				CLANG_ANALYZER_NUMBER_OBJECT_CONVERSION = YES_AGGRESSIVE;
				CLANG_CXX_LANGUAGE_STANDARD = "gnu++17";
				CLANG_CXX_LIBRARY = "libc++";
				CLANG_ENABLE_MODULES = YES;
				CLANG_ENABLE_OBJC_ARC = YES;
				CLANG_ENABLE_OBJC_WEAK = YES;
				CLANG_WARN_BLOCK_CAPTURE_AUTORELEASING = YES;
				CLANG_WARN_BOOL_CONVERSION = YES;
				CLANG_WARN_COMMA = YES;
				CLANG_WARN_CONSTANT_CONVERSION = YES;
				CLANG_WARN_DEPRECATED_OBJC_IMPLEMENTATIONS = YES;
				CLANG_WARN_DIRECT_OBJC_ISA_USAGE = YES_ERROR;
				CLANG_WARN_DOCUMENTATION_COMMENTS = YES;
				CLANG_WARN_EMPTY_BODY = YES;
				CLANG_WARN_ENUM_CONVERSION = YES;
				CLANG_WARN_INFINITE_RECURSION = YES;
				CLANG_WARN_INT_CONVERSION = YES;
				CLANG_WARN_NON_LITERAL_NULL_CONVERSION = YES;
				CLANG_WARN_OBJC_IMPLICIT_RETAIN_SELF = YES;
				CLANG_WARN_OBJC_LITERAL_CONVERSION = YES;
				CLANG_WARN_OBJC_ROOT_CLASS = YES_ERROR;
				CLANG_WARN_QUOTED_INCLUDE_IN_FRAMEWORK_HEADER = YES;
				CLANG_WARN_RANGE_LOOP_ANALYSIS = YES;
				CLANG_WARN_STRICT_PROTOTYPES = YES;
				CLANG_WARN_SUSPICIOUS_MOVE = YES;
				CLANG_WARN_UNGUARDED_AVAILABILITY = YES_AGGRESSIVE;
				CLANG_WARN_UNREACHABLE_CODE = YES;
				CLANG_WARN__DUPLICATE_METHOD_MATCH = YES;
				COPY_PHASE_STRIP = NO;
				DEBUG_INFORMATION_FORMAT = dwarf;
				ENABLE_STRICT_OBJC_MSGSEND = YES;
				ENABLE_TESTABILITY = YES;
				GCC_C_LANGUAGE_STANDARD = gnu11;
				GCC_DYNAMIC_NO_PIC = NO;
				GCC_NO_COMMON_BLOCKS = YES;
				GCC_OPTIMIZATION_LEVEL = 0;
				GCC_PREPROCESSOR_DEFINITIONS = (
					"DEBUG=1",
					"$(inherited)",
				);
				GCC_WARN_64_TO_32_BIT_CONVERSION = YES;
				GCC_WARN_ABOUT_RETURN_TYPE = YES_ERROR;
				GCC_WARN_UNDECLARED_SELECTOR = YES;
				GCC_WARN_UNINITIALIZED_AUTOS = YES_AGGRESSIVE;
				GCC_WARN_UNUSED_FUNCTION = YES;
				GCC_WARN_UNUSED_VARIABLE = YES;
				MACOSX_DEPLOYMENT_TARGET = 11.3;
				MTL_ENABLE_DEBUG_INFO = INCLUDE_SOURCE;
				MTL_FAST_MATH = YES;
				ONLY_ACTIVE_ARCH = YES;
				SDKROOT = macosx;
				SWIFT_ACTIVE_COMPILATION_CONDITIONS = DEBUG;
				SWIFT_OPTIMIZATION_LEVEL = "-Onone";
			};
			name = Debug;
		};
		2CE346762722B0F8000AAEC9 /* Release */ = {
			isa = XCBuildConfiguration;
			buildSettings = {
				ALWAYS_SEARCH_USER_PATHS = NO;
				CLANG_ANALYZER_NONNULL = YES;
				CLANG_ANALYZER_NUMBER_OBJECT_CONVERSION = YES_AGGRESSIVE;
				CLANG_CXX_LANGUAGE_STANDARD = "gnu++17";
				CLANG_CXX_LIBRARY = "libc++";
				CLANG_ENABLE_MODULES = YES;
				CLANG_ENABLE_OBJC_ARC = YES;
				CLANG_ENABLE_OBJC_WEAK = YES;
				CLANG_WARN_BLOCK_CAPTURE_AUTORELEASING = YES;
				CLANG_WARN_BOOL_CONVERSION = YES;
				CLANG_WARN_COMMA = YES;
				CLANG_WARN_CONSTANT_CONVERSION = YES;
				CLANG_WARN_DEPRECATED_OBJC_IMPLEMENTATIONS = YES;
				CLANG_WARN_DIRECT_OBJC_ISA_USAGE = YES_ERROR;
				CLANG_WARN_DOCUMENTATION_COMMENTS = YES;
				CLANG_WARN_EMPTY_BODY = YES;
				CLANG_WARN_ENUM_CONVERSION = YES;
				CLANG_WARN_INFINITE_RECURSION = YES;
				CLANG_WARN_INT_CONVERSION = YES;
				CLANG_WARN_NON_LITERAL_NULL_CONVERSION = YES;
				CLANG_WARN_OBJC_IMPLICIT_RETAIN_SELF = YES;
				CLANG_WARN_OBJC_LITERAL_CONVERSION = YES;
				CLANG_WARN_OBJC_ROOT_CLASS = YES_ERROR;
				CLANG_WARN_QUOTED_INCLUDE_IN_FRAMEWORK_HEADER = YES;
				CLANG_WARN_RANGE_LOOP_ANALYSIS = YES;
				CLANG_WARN_STRICT_PROTOTYPES = YES;
				CLANG_WARN_SUSPICIOUS_MOVE = YES;
				CLANG_WARN_UNGUARDED_AVAILABILITY = YES_AGGRESSIVE;
				CLANG_WARN_UNREACHABLE_CODE = YES;
				CLANG_WARN__DUPLICATE_METHOD_MATCH = YES;
				COPY_PHASE_STRIP = NO;
				DEBUG_INFORMATION_FORMAT = "dwarf-with-dsym";
				ENABLE_NS_ASSERTIONS = NO;
				ENABLE_STRICT_OBJC_MSGSEND = YES;
				GCC_C_LANGUAGE_STANDARD = gnu11;
				GCC_NO_COMMON_BLOCKS = YES;
				GCC_WARN_64_TO_32_BIT_CONVERSION = YES;
				GCC_WARN_ABOUT_RETURN_TYPE = YES_ERROR;
				GCC_WARN_UNDECLARED_SELECTOR = YES;
				GCC_WARN_UNINITIALIZED_AUTOS = YES_AGGRESSIVE;
				GCC_WARN_UNUSED_FUNCTION = YES;
				GCC_WARN_UNUSED_VARIABLE = YES;
				MACOSX_DEPLOYMENT_TARGET = 11.3;
				MTL_ENABLE_DEBUG_INFO = NO;
				MTL_FAST_MATH = YES;
				SDKROOT = macosx;
				SWIFT_COMPILATION_MODE = wholemodule;
				SWIFT_OPTIMIZATION_LEVEL = "-O";
			};
			name = Release;
		};
		2CE346782722B0F8000AAEC9 /* Debug */ = {
			isa = XCBuildConfiguration;
			buildSettings = {
				ASSETCATALOG_COMPILER_APPICON_NAME = AppIcon;
				ASSETCATALOG_COMPILER_GLOBAL_ACCENT_COLOR_NAME = AccentColor;
				CODE_SIGN_ENTITLEMENTS = ClipNinja/App/Assets/ClipNinja.entitlements;
				CODE_SIGN_IDENTITY = "-";
				CODE_SIGN_STYLE = Manual;
				COMBINE_HIDPI_IMAGES = YES;
				CURRENT_PROJECT_VERSION = 1;
				DEVELOPMENT_ASSET_PATHS = "\"App/Preview Content\"";
				DEVELOPMENT_TEAM = "";
				ENABLE_PREVIEWS = YES;
				GENERATE_INFOPLIST_FILE = YES;
				INFOPLIST_FILE = "App/Assets/ClipNinja-Info.plist";
				INFOPLIST_KEY_NSHumanReadableCopyright = "";
				INFOPLIST_KEY_UIStatusBarHidden = YES;
				LD_RUNPATH_SEARCH_PATHS = (
					"$(inherited)",
					"@executable_path/../Frameworks",
				);
				MACOSX_DEPLOYMENT_TARGET = 11.0;
				MARKETING_VERSION = 2.0;
				PRODUCT_BUNDLE_IDENTIFIER = ninja.libor.ClipNinja;
				PRODUCT_NAME = "$(TARGET_NAME)";
				PROVISIONING_PROFILE_SPECIFIER = "";
				SWIFT_EMIT_LOC_STRINGS = YES;
				SWIFT_VERSION = 5.0;
			};
			name = Debug;
		};
		2CE346792722B0F8000AAEC9 /* Release */ = {
			isa = XCBuildConfiguration;
			buildSettings = {
				ASSETCATALOG_COMPILER_APPICON_NAME = AppIcon;
				ASSETCATALOG_COMPILER_GLOBAL_ACCENT_COLOR_NAME = AccentColor;
				CODE_SIGN_ENTITLEMENTS = ClipNinja/App/Assets/ClipNinja.entitlements;
				CODE_SIGN_IDENTITY = "-";
				CODE_SIGN_STYLE = Manual;
				COMBINE_HIDPI_IMAGES = YES;
				CURRENT_PROJECT_VERSION = 1;
				DEVELOPMENT_ASSET_PATHS = "\"App/Preview Content\"";
				DEVELOPMENT_TEAM = "";
				ENABLE_PREVIEWS = YES;
				GENERATE_INFOPLIST_FILE = YES;
				INFOPLIST_FILE = "App/Assets/ClipNinja-Info.plist";
				INFOPLIST_KEY_NSHumanReadableCopyright = "";
				INFOPLIST_KEY_UIStatusBarHidden = YES;
				LD_RUNPATH_SEARCH_PATHS = (
					"$(inherited)",
					"@executable_path/../Frameworks",
				);
				MACOSX_DEPLOYMENT_TARGET = 11.0;
				MARKETING_VERSION = 2.0;
				PRODUCT_BUNDLE_IDENTIFIER = ninja.libor.ClipNinja;
				PRODUCT_NAME = "$(TARGET_NAME)";
				PROVISIONING_PROFILE_SPECIFIER = "";
				SWIFT_EMIT_LOC_STRINGS = YES;
				SWIFT_VERSION = 5.0;
			};
			name = Release;
		};
/* End XCBuildConfiguration section */

/* Begin XCConfigurationList section */
		2CE3464D2722B0F6000AAEC9 /* Build configuration list for PBXProject "ClipNinja" */ = {
			isa = XCConfigurationList;
			buildConfigurations = (
				2CE346752722B0F8000AAEC9 /* Debug */,
				2CE346762722B0F8000AAEC9 /* Release */,
			);
			defaultConfigurationIsVisible = 0;
			defaultConfigurationName = Release;
		};
		2CE346772722B0F8000AAEC9 /* Build configuration list for PBXNativeTarget "ClipNinja" */ = {
			isa = XCConfigurationList;
			buildConfigurations = (
				2CE346782722B0F8000AAEC9 /* Debug */,
				2CE346792722B0F8000AAEC9 /* Release */,
			);
			defaultConfigurationIsVisible = 0;
			defaultConfigurationName = Release;
		};
/* End XCConfigurationList section */

/* Begin XCSwiftPackageProductDependency section */
		2CE346852722B170000AAEC9 /* AppStart */ = {
			isa = XCSwiftPackageProductDependency;
			productName = AppStart;
		};
/* End XCSwiftPackageProductDependency section */
	};
	rootObject = 2CE3464A2722B0F6000AAEC9 /* Project object */;
}
